
Microsoft Visual Studio Solution File, Format Version 12.00
# Visual Studio Version 16
VisualStudioVersion = 16.0.30907.101
MinimumVisualStudioVersion = 10.0.40219.1
Project("{FAE04EC0-301F-11D3-BF4B-00C04F79EFBC}") = "UsingComparisonT", "UsingComparisonT.csproj", "{CDFE8507-2623-449D-AAC4-8BF5F07731D6}"
EndProject
Global
	GlobalSection(SolutionConfigurationPlatforms) = preSolution
		Debug|Any CPU = Debug|Any CPU
		Release|Any CPU = Release|Any CPU
	EndGlobalSection
	GlobalSection(ProjectConfigurationPlatforms) = postSolution
		{CDFE8507-2623-449D-AAC4-8BF5F07731D6}.Debug|Any CPU.ActiveCfg = Debug|Any CPU
		{CDFE8507-2623-449D-AAC4-8BF5F07731D6}.Debug|Any CPU.Build.0 = Debug|Any CPU
		{CDFE8507-2623-449D-AAC4-8BF5F07731D6}.Release|Any CPU.ActiveCfg = Release|Any CPU
		{CDFE8507-2623-449D-AAC4-8BF5F07731D6}.Release|Any CPU.Build.0 = Release|Any CPU
	EndGlobalSection
	GlobalSection(SolutionProperties) = preSolution
		HideSolutionNode = FALSE
	EndGlobalSection
	GlobalSection(ExtensibilityGlobals) = postSolution
		SolutionGuid = {583D9615-BC9A-4F83-A8FB-AD814CDE38AF}
	EndGlobalSection
EndGlobal
